
Microsoft Visual Studio Solution File, Format Version 12.00
# Visual Studio Version 16
VisualStudioVersion = 16.0.30413.136
MinimumVisualStudioVersion = 10.0.40219.1
Project("{FAE04EC0-301F-11D3-BF4B-00C04F79EFBC}") = "MIS4200_tt240016", "MIS4200_tt240016.csproj", "{B4C023FF-0014-4F8E-9A69-203340070F9F}"
EndProject
Global
	GlobalSection(SolutionConfigurationPlatforms) = preSolution
		Debug|Any CPU = Debug|Any CPU
		Release|Any CPU = Release|Any CPU
	EndGlobalSection
	GlobalSection(ProjectConfigurationPlatforms) = postSolution
		{B4C023FF-0014-4F8E-9A69-203340070F9F}.Debug|Any CPU.ActiveCfg = Debug|Any CPU
		{B4C023FF-0014-4F8E-9A69-203340070F9F}.Debug|Any CPU.Build.0 = Debug|Any CPU
		{B4C023FF-0014-4F8E-9A69-203340070F9F}.Release|Any CPU.ActiveCfg = Release|Any CPU
		{B4C023FF-0014-4F8E-9A69-203340070F9F}.Release|Any CPU.Build.0 = Release|Any CPU
	EndGlobalSection
	GlobalSection(SolutionProperties) = preSolution
		HideSolutionNode = FALSE
	EndGlobalSection
	GlobalSection(ExtensibilityGlobals) = postSolution
		SolutionGuid = {EA1DC2FC-DD36-435C-8193-2F6840B90094}
	EndGlobalSection
EndGlobal
