
Microsoft Visual Studio Solution File, Format Version 12.00
# Visual Studio 15
VisualStudioVersion = 15.0.28307.489
MinimumVisualStudioVersion = 10.0.40219.1
Project("{E24C65DC-7377-472B-9ABA-BC803B73C61A}") = "tt240016", ".", "{AE5AB74E-6B31-44D7-9B2D-4AEC078833A8}"
	ProjectSection(WebsiteProperties) = preProject
		TargetFrameworkMoniker = ".NETFramework,Version%3Dv4.0"
		Debug.AspNetCompiler.VirtualPath = "/localhost_1746"
		Debug.AspNetCompiler.PhysicalPath = "\\aspnet.cob.ohio.edu\aspnet$\tt240016\"
		Debug.AspNetCompiler.TargetPath = "PrecompiledWeb\localhost_1746\"
		Debug.AspNetCompiler.Updateable = "true"
		Debug.AspNetCompiler.ForceOverwrite = "true"
		Debug.AspNetCompiler.FixedNames = "false"
		Debug.AspNetCompiler.Debug = "True"
		Release.AspNetCompiler.VirtualPath = "/localhost_1746"
		Release.AspNetCompiler.PhysicalPath = "\\aspnet.cob.ohio.edu\aspnet$\tt240016\"
		Release.AspNetCompiler.TargetPath = "PrecompiledWeb\localhost_1746\"
		Release.AspNetCompiler.Updateable = "true"
		Release.AspNetCompiler.ForceOverwrite = "true"
		Release.AspNetCompiler.FixedNames = "false"
		Release.AspNetCompiler.Debug = "False"
		VWDPort = "1746"
	EndProjectSection
EndProject
Global
	GlobalSection(SolutionConfigurationPlatforms) = preSolution
		Debug|Any CPU = Debug|Any CPU
	EndGlobalSection
	GlobalSection(ProjectConfigurationPlatforms) = postSolution
		{AE5AB74E-6B31-44D7-9B2D-4AEC078833A8}.Debug|Any CPU.ActiveCfg = Debug|Any CPU
		{AE5AB74E-6B31-44D7-9B2D-4AEC078833A8}.Debug|Any CPU.Build.0 = Debug|Any CPU
	EndGlobalSection
	GlobalSection(SolutionProperties) = preSolution
		HideSolutionNode = FALSE
	EndGlobalSection
	GlobalSection(ExtensibilityGlobals) = postSolution
		SolutionGuid = {137077D1-715A-4A07-99AA-8A60C41FBD40}
	EndGlobalSection
EndGlobal
