
Microsoft Visual Studio Solution File, Format Version 12.00
# Visual Studio 15
VisualStudioVersion = 15.0.28307.271
MinimumVisualStudioVersion = 10.0.40219.1
Project("{E24C65DC-7377-472B-9ABA-BC803B73C61A}") = "tt240016", ".", "{23E04811-C358-4C60-9159-109A2C368B5C}"
	ProjectSection(WebsiteProperties) = preProject
		TargetFrameworkMoniker = ".NETFramework,Version%3Dv4.0"
		Debug.AspNetCompiler.VirtualPath = "/localhost_1353"
		Debug.AspNetCompiler.PhysicalPath = "\\aspnet.cob.ohio.edu\aspnet$\tt240016\"
		Debug.AspNetCompiler.TargetPath = "PrecompiledWeb\localhost_1353\"
		Debug.AspNetCompiler.Updateable = "true"
		Debug.AspNetCompiler.ForceOverwrite = "true"
		Debug.AspNetCompiler.FixedNames = "false"
		Debug.AspNetCompiler.Debug = "True"
		Release.AspNetCompiler.VirtualPath = "/localhost_1353"
		Release.AspNetCompiler.PhysicalPath = "\\aspnet.cob.ohio.edu\aspnet$\tt240016\"
		Release.AspNetCompiler.TargetPath = "PrecompiledWeb\localhost_1353\"
		Release.AspNetCompiler.Updateable = "true"
		Release.AspNetCompiler.ForceOverwrite = "true"
		Release.AspNetCompiler.FixedNames = "false"
		Release.AspNetCompiler.Debug = "False"
		VWDPort = "1353"
	EndProjectSection
EndProject
Global
	GlobalSection(SolutionConfigurationPlatforms) = preSolution
		Debug|Any CPU = Debug|Any CPU
	EndGlobalSection
	GlobalSection(ProjectConfigurationPlatforms) = postSolution
		{23E04811-C358-4C60-9159-109A2C368B5C}.Debug|Any CPU.ActiveCfg = Debug|Any CPU
		{23E04811-C358-4C60-9159-109A2C368B5C}.Debug|Any CPU.Build.0 = Debug|Any CPU
	EndGlobalSection
	GlobalSection(SolutionProperties) = preSolution
		HideSolutionNode = FALSE
	EndGlobalSection
	GlobalSection(ExtensibilityGlobals) = postSolution
		SolutionGuid = {E48A87C9-677F-4520-A152-5862CCB55C68}
	EndGlobalSection
EndGlobal
